
Microsoft Visual Studio Solution File, Format Version 12.00
# Visual Studio Version 17
VisualStudioVersion = 17.10.34916.146
MinimumVisualStudioVersion = 10.0.40219.1
Project("{FAE04EC0-301F-11D3-BF4B-00C04F79EFBC}") = "StaffDirectory1", "StaffDirectory1\StaffDirectory1.csproj", "{262A9D32-662F-4BDF-B5EA-E1480A1DB1E3}"
EndProject
Global
	GlobalSection(SolutionConfigurationPlatforms) = preSolution
		Debug|Any CPU = Debug|Any CPU
		Release|Any CPU = Release|Any CPU
	EndGlobalSection
	GlobalSection(ProjectConfigurationPlatforms) = postSolution
		{262A9D32-662F-4BDF-B5EA-E1480A1DB1E3}.Debug|Any CPU.ActiveCfg = Debug|Any CPU
		{262A9D32-662F-4BDF-B5EA-E1480A1DB1E3}.Debug|Any CPU.Build.0 = Debug|Any CPU
		{262A9D32-662F-4BDF-B5EA-E1480A1DB1E3}.Release|Any CPU.ActiveCfg = Release|Any CPU
		{262A9D32-662F-4BDF-B5EA-E1480A1DB1E3}.Release|Any CPU.Build.0 = Release|Any CPU
	EndGlobalSection
	GlobalSection(SolutionProperties) = preSolution
		HideSolutionNode = FALSE
	EndGlobalSection
	GlobalSection(ExtensibilityGlobals) = postSolution
		SolutionGuid = {3183C700-0E0F-446E-948E-05D14D27E7A0}
	EndGlobalSection
EndGlobal
